
Microsoft Visual Studio Solution File, Format Version 12.00
# Visual Studio Version 17
VisualStudioVersion = 17.5.2.0
MinimumVisualStudioVersion = 10.0.40219.1
Project("{2150E333-8FDC-42A3-9474-1A3956D46DE8}") = "modules", "modules", "{CA253913-39DE-BFD0-C9A3-4B7EC6FBDF17}"
EndProject
Project("{2150E333-8FDC-42A3-9474-1A3956D46DE8}") = "tools", "tools", "{29F3AA1B-6D75-C75D-9183-749A65CD24A7}"
EndProject
Project("{FAE04EC0-301F-11D3-BF4B-00C04F79EFBC}") = "HomeworkApp", "modules\HomeworkApp\HomeworkApp.csproj", "{D11F0514-59E8-A3D9-8FD0-C47F72E76F2C}"
EndProject
Project("{FAE04EC0-301F-11D3-BF4B-00C04F79EFBC}") = "HomeworkApp.UiSmoke", "tools\HomeworkApp.UiSmoke\HomeworkApp.UiSmoke.csproj", "{2029C04E-2B45-ED7F-D73E-47C3FA1CB6CD}"
EndProject
Project("{FAE04EC0-301F-11D3-BF4B-00C04F79EFBC}") = "StudyModules.Shared", "modules\StudyModules.Shared\StudyModules.Shared.csproj", "{F0C39539-47F5-441B-AF6D-6DA1777336CB}"
EndProject
Project("{FAE04EC0-301F-11D3-BF4B-00C04F79EFBC}") = "StudyModules.UiSmoke", "tools\StudyModules.UiSmoke\StudyModules.UiSmoke.csproj", "{8623C127-E101-4D67-93DC-99AD059839E6}"
EndProject
Project("{FAE04EC0-301F-11D3-BF4B-00C04F79EFBC}") = "DictationApp", "modules\DictationApp\DictationApp.csproj", "{81794C0F-5D7C-4507-BF3B-46D78A5913D6}"
EndProject
Project("{FAE04EC0-301F-11D3-BF4B-00C04F79EFBC}") = "RecitationApp", "modules\RecitationApp\RecitationApp.csproj", "{8EA4094D-6E4E-4A4F-8B66-F03F9078FC73}"
EndProject
Global
	GlobalSection(SolutionConfigurationPlatforms) = preSolution
		Debug|Any CPU = Debug|Any CPU
		Debug|x64 = Debug|x64
		Debug|x86 = Debug|x86
		Release|Any CPU = Release|Any CPU
		Release|x64 = Release|x64
		Release|x86 = Release|x86
	EndGlobalSection
	GlobalSection(ProjectConfigurationPlatforms) = postSolution
		{D11F0514-59E8-A3D9-8FD0-C47F72E76F2C}.Debug|Any CPU.ActiveCfg = Debug|Any CPU
		{D11F0514-59E8-A3D9-8FD0-C47F72E76F2C}.Debug|Any CPU.Build.0 = Debug|Any CPU
		{D11F0514-59E8-A3D9-8FD0-C47F72E76F2C}.Debug|x64.ActiveCfg = Debug|Any CPU
		{D11F0514-59E8-A3D9-8FD0-C47F72E76F2C}.Debug|x64.Build.0 = Debug|Any CPU
		{D11F0514-59E8-A3D9-8FD0-C47F72E76F2C}.Debug|x86.ActiveCfg = Debug|Any CPU
		{D11F0514-59E8-A3D9-8FD0-C47F72E76F2C}.Debug|x86.Build.0 = Debug|Any CPU
		{D11F0514-59E8-A3D9-8FD0-C47F72E76F2C}.Release|Any CPU.ActiveCfg = Release|Any CPU
		{D11F0514-59E8-A3D9-8FD0-C47F72E76F2C}.Release|Any CPU.Build.0 = Release|Any CPU
		{D11F0514-59E8-A3D9-8FD0-C47F72E76F2C}.Release|x64.ActiveCfg = Release|Any CPU
		{D11F0514-59E8-A3D9-8FD0-C47F72E76F2C}.Release|x64.Build.0 = Release|Any CPU
		{D11F0514-59E8-A3D9-8FD0-C47F72E76F2C}.Release|x86.ActiveCfg = Release|Any CPU
		{D11F0514-59E8-A3D9-8FD0-C47F72E76F2C}.Release|x86.Build.0 = Release|Any CPU
		{2029C04E-2B45-ED7F-D73E-47C3FA1CB6CD}.Debug|Any CPU.ActiveCfg = Debug|Any CPU
		{2029C04E-2B45-ED7F-D73E-47C3FA1CB6CD}.Debug|Any CPU.Build.0 = Debug|Any CPU
		{2029C04E-2B45-ED7F-D73E-47C3FA1CB6CD}.Debug|x64.ActiveCfg = Debug|Any CPU
		{2029C04E-2B45-ED7F-D73E-47C3FA1CB6CD}.Debug|x64.Build.0 = Debug|Any CPU
		{2029C04E-2B45-ED7F-D73E-47C3FA1CB6CD}.Debug|x86.ActiveCfg = Debug|Any CPU
		{2029C04E-2B45-ED7F-D73E-47C3FA1CB6CD}.Debug|x86.Build.0 = Debug|Any CPU
		{2029C04E-2B45-ED7F-D73E-47C3FA1CB6CD}.Release|Any CPU.ActiveCfg = Release|Any CPU
		{2029C04E-2B45-ED7F-D73E-47C3FA1CB6CD}.Release|Any CPU.Build.0 = Release|Any CPU
		{2029C04E-2B45-ED7F-D73E-47C3FA1CB6CD}.Release|x64.ActiveCfg = Release|Any CPU
		{2029C04E-2B45-ED7F-D73E-47C3FA1CB6CD}.Release|x64.Build.0 = Release|Any CPU
		{2029C04E-2B45-ED7F-D73E-47C3FA1CB6CD}.Release|x86.ActiveCfg = Release|Any CPU
		{2029C04E-2B45-ED7F-D73E-47C3FA1CB6CD}.Release|x86.Build.0 = Release|Any CPU
		{F0C39539-47F5-441B-AF6D-6DA1777336CB}.Debug|Any CPU.ActiveCfg = Debug|Any CPU
		{F0C39539-47F5-441B-AF6D-6DA1777336CB}.Debug|Any CPU.Build.0 = Debug|Any CPU
		{F0C39539-47F5-441B-AF6D-6DA1777336CB}.Debug|x64.ActiveCfg = Debug|Any CPU
		{F0C39539-47F5-441B-AF6D-6DA1777336CB}.Debug|x64.Build.0 = Debug|Any CPU
		{F0C39539-47F5-441B-AF6D-6DA1777336CB}.Debug|x86.ActiveCfg = Debug|Any CPU
		{F0C39539-47F5-441B-AF6D-6DA1777336CB}.Debug|x86.Build.0 = Debug|Any CPU
		{F0C39539-47F5-441B-AF6D-6DA1777336CB}.Release|Any CPU.ActiveCfg = Release|Any CPU
		{F0C39539-47F5-441B-AF6D-6DA1777336CB}.Release|Any CPU.Build.0 = Release|Any CPU
		{F0C39539-47F5-441B-AF6D-6DA1777336CB}.Release|x64.ActiveCfg = Release|Any CPU
		{F0C39539-47F5-441B-AF6D-6DA1777336CB}.Release|x64.Build.0 = Release|Any CPU
		{F0C39539-47F5-441B-AF6D-6DA1777336CB}.Release|x86.ActiveCfg = Release|Any CPU
		{F0C39539-47F5-441B-AF6D-6DA1777336CB}.Release|x86.Build.0 = Release|Any CPU
		{8623C127-E101-4D67-93DC-99AD059839E6}.Debug|Any CPU.ActiveCfg = Debug|Any CPU
		{8623C127-E101-4D67-93DC-99AD059839E6}.Debug|Any CPU.Build.0 = Debug|Any CPU
		{8623C127-E101-4D67-93DC-99AD059839E6}.Debug|x64.ActiveCfg = Debug|Any CPU
		{8623C127-E101-4D67-93DC-99AD059839E6}.Debug|x64.Build.0 = Debug|Any CPU
		{8623C127-E101-4D67-93DC-99AD059839E6}.Debug|x86.ActiveCfg = Debug|Any CPU
		{8623C127-E101-4D67-93DC-99AD059839E6}.Debug|x86.Build.0 = Debug|Any CPU
		{8623C127-E101-4D67-93DC-99AD059839E6}.Release|Any CPU.ActiveCfg = Release|Any CPU
		{8623C127-E101-4D67-93DC-99AD059839E6}.Release|Any CPU.Build.0 = Release|Any CPU
		{8623C127-E101-4D67-93DC-99AD059839E6}.Release|x64.ActiveCfg = Release|Any CPU
		{8623C127-E101-4D67-93DC-99AD059839E6}.Release|x64.Build.0 = Release|Any CPU
		{8623C127-E101-4D67-93DC-99AD059839E6}.Release|x86.ActiveCfg = Release|Any CPU
		{8623C127-E101-4D67-93DC-99AD059839E6}.Release|x86.Build.0 = Release|Any CPU
		{81794C0F-5D7C-4507-BF3B-46D78A5913D6}.Debug|Any CPU.ActiveCfg = Debug|Any CPU
		{81794C0F-5D7C-4507-BF3B-46D78A5913D6}.Debug|Any CPU.Build.0 = Debug|Any CPU
		{81794C0F-5D7C-4507-BF3B-46D78A5913D6}.Debug|x64.ActiveCfg = Debug|Any CPU
		{81794C0F-5D7C-4507-BF3B-46D78A5913D6}.Debug|x64.Build.0 = Debug|Any CPU
		{81794C0F-5D7C-4507-BF3B-46D78A5913D6}.Debug|x86.ActiveCfg = Debug|Any CPU
		{81794C0F-5D7C-4507-BF3B-46D78A5913D6}.Debug|x86.Build.0 = Debug|Any CPU
		{81794C0F-5D7C-4507-BF3B-46D78A5913D6}.Release|Any CPU.ActiveCfg = Release|Any CPU
		{81794C0F-5D7C-4507-BF3B-46D78A5913D6}.Release|Any CPU.Build.0 = Release|Any CPU
		{81794C0F-5D7C-4507-BF3B-46D78A5913D6}.Release|x64.ActiveCfg = Release|Any CPU
		{81794C0F-5D7C-4507-BF3B-46D78A5913D6}.Release|x64.Build.0 = Release|Any CPU
		{81794C0F-5D7C-4507-BF3B-46D78A5913D6}.Release|x86.ActiveCfg = Release|Any CPU
		{81794C0F-5D7C-4507-BF3B-46D78A5913D6}.Release|x86.Build.0 = Release|Any CPU
		{8EA4094D-6E4E-4A4F-8B66-F03F9078FC73}.Debug|Any CPU.ActiveCfg = Debug|Any CPU
		{8EA4094D-6E4E-4A4F-8B66-F03F9078FC73}.Debug|Any CPU.Build.0 = Debug|Any CPU
		{8EA4094D-6E4E-4A4F-8B66-F03F9078FC73}.Debug|x64.ActiveCfg = Debug|Any CPU
		{8EA4094D-6E4E-4A4F-8B66-F03F9078FC73}.Debug|x64.Build.0 = Debug|Any CPU
		{8EA4094D-6E4E-4A4F-8B66-F03F9078FC73}.Debug|x86.ActiveCfg = Debug|Any CPU
		{8EA4094D-6E4E-4A4F-8B66-F03F9078FC73}.Debug|x86.Build.0 = Debug|Any CPU
		{8EA4094D-6E4E-4A4F-8B66-F03F9078FC73}.Release|Any CPU.ActiveCfg = Release|Any CPU
		{8EA4094D-6E4E-4A4F-8B66-F03F9078FC73}.Release|Any CPU.Build.0 = Release|Any CPU
		{8EA4094D-6E4E-4A4F-8B66-F03F9078FC73}.Release|x64.ActiveCfg = Release|Any CPU
		{8EA4094D-6E4E-4A4F-8B66-F03F9078FC73}.Release|x64.Build.0 = Release|Any CPU
		{8EA4094D-6E4E-4A4F-8B66-F03F9078FC73}.Release|x86.ActiveCfg = Release|Any CPU
		{8EA4094D-6E4E-4A4F-8B66-F03F9078FC73}.Release|x86.Build.0 = Release|Any CPU
	EndGlobalSection
	GlobalSection(SolutionProperties) = preSolution
		HideSolutionNode = FALSE
	EndGlobalSection
	GlobalSection(NestedProjects) = preSolution
		{D11F0514-59E8-A3D9-8FD0-C47F72E76F2C} = {CA253913-39DE-BFD0-C9A3-4B7EC6FBDF17}
		{2029C04E-2B45-ED7F-D73E-47C3FA1CB6CD} = {29F3AA1B-6D75-C75D-9183-749A65CD24A7}
		{F0C39539-47F5-441B-AF6D-6DA1777336CB} = {CA253913-39DE-BFD0-C9A3-4B7EC6FBDF17}
		{8623C127-E101-4D67-93DC-99AD059839E6} = {29F3AA1B-6D75-C75D-9183-749A65CD24A7}
		{81794C0F-5D7C-4507-BF3B-46D78A5913D6} = {CA253913-39DE-BFD0-C9A3-4B7EC6FBDF17}
		{8EA4094D-6E4E-4A4F-8B66-F03F9078FC73} = {CA253913-39DE-BFD0-C9A3-4B7EC6FBDF17}
	EndGlobalSection
	GlobalSection(ExtensibilityGlobals) = postSolution
		SolutionGuid = {FC6FC12C-3895-49E5-AA4E-70EEF044C5AC}
	EndGlobalSection
EndGlobal
